{
  "lockfileVersion": 1,
  "configVersion": 1,
  "workspaces": {
    "": {
      "name": "importmapify",
      "dependencies": {
        "dreamcli": "npm:@kjanat/dreamcli@^3.0.1",
      },
      "devDependencies": {
        "@arethetypeswrong/core": "^0.18.5",
        "@dprint/biome": "^0.13.9",
        "@dprint/exec": "^0.7.3",
        "@dprint/markdown": "^0.22.1",
        "@types/bun": "^1.4.0",
        "@types/deno": "^2.7.0",
        "@types/node": "^26.4.1",
        "@typescript/native": "npm:typescript@^7.0.2",
        "ansispeck": "^0.4.2",
        "biome": "npm:@biomejs/biome@^2.5.12",
        "dprint": "^0.55.2",
        "publint": "^0.3.24",
        "runner-run": "^0.25.1",
        "sort-package-json": "^4.0.0",
        "tombi": "^1.5.0",
        "tsdown": "^0.22.14",
        "typescript": "^6.0.3",
        "unplugin-unused": "^0.6.0",
      },
    },
  },
  "packages": {
    "@andrewbranch/untar.js": ["@andrewbranch/untar.js@1.0.4", "", {}, "sha512-pVXSwPsLuw8IGLo2Di0EaOfsk+ntVvpkk942J/sHYIkwvtKUakEcPh7HBgZ6tuimgzKSEHgCvO4XgQ05DEbwDw=="],

    "@arethetypeswrong/core": ["@arethetypeswrong/core@0.18.5", "", { "dependencies": { "@andrewbranch/untar.js": "^1.0.3", "@loaderkit/resolve": "^1.0.2", "cjs-module-lexer": "^1.2.3", "fflate": "^0.8.3", "lru-cache": "^11.0.1", "semver": "^7.5.4", "typescript": "5.6.1-rc", "validate-npm-package-name": "^5.0.0" } }, "sha512-9ytjzGwxjm9Uz7I9avfbt5vlQt6uk9uRRESzJjqrznl6WKvI6dwYTo+vJ3U02Wrq/mR3iql/PzhvHhKdJIAjDQ=="],

    "@biomejs/cli-darwin-arm64": ["@biomejs/cli-darwin-arm64@2.5.12", "", { "os": "darwin", "cpu": "arm64" }, "sha512-lCRY1rwgNeWNgTr4DI/u6ZwXTRwRLHAvbaio1YLLGS+4r1nhvB2ssyPqIpfUSmRveNfv0fn/N58C7CAdK2XVrg=="],

    "@biomejs/cli-darwin-x64": ["@biomejs/cli-darwin-x64@2.5.12", "", { "os": "darwin", "cpu": "x64" }, "sha512-vhPgwnh+6tN3ArdAXuET99xaNbFt7CG82Bqn+omHVLC5xdVx45JsYjGPmUIGNzjDek5XdNCP1HKksK7fn8+3bQ=="],

    "@biomejs/cli-linux-arm64": ["@biomejs/cli-linux-arm64@2.5.12", "", { "os": "linux", "cpu": "arm64" }, "sha512-2gp8aVwXYKdAtmBfRFCUuyDMcfN1ahHqUkGfLYrZlNRFmryMATLVvJgWKvyA8wu4Rwn5OSxM1UcUmOuOFNGeBQ=="],

    "@biomejs/cli-linux-arm64-musl": ["@biomejs/cli-linux-arm64-musl@2.5.12", "", { "os": "linux", "cpu": "arm64" }, "sha512-couHYjFLL5uuI8ne6zhT7KwEsXo5YP7ry/2xmEqah7qanu0YmfDi3mwJg47YXSuv/NpZj22CZzcRH/5c4gjPSQ=="],

    "@biomejs/cli-linux-x64": ["@biomejs/cli-linux-x64@2.5.12", "", { "os": "linux", "cpu": "x64" }, "sha512-SnvOs3TSTiuia4SQOUNe1aWC9RT4+YkjcKnOhL/nsKOV0k5ycgBkDzF0lUxKn1V7Q8CLTRq6iV23ZAivHomRoA=="],

    "@biomejs/cli-linux-x64-musl": ["@biomejs/cli-linux-x64-musl@2.5.12", "", { "os": "linux", "cpu": "x64" }, "sha512-8A0oDW58/w9f/PQNYuq0sGUZtGtGrkNF4Z6n0PUoXpLCshi85vtKTv1XSznQawhdE4MXJ8ufpzHXyLFe87M/+w=="],

    "@biomejs/cli-win32-arm64": ["@biomejs/cli-win32-arm64@2.5.12", "", { "os": "win32", "cpu": "arm64" }, "sha512-b9vtoZFsuZt1pdjNwJvXl0f+BpayRzV008uS2+JpmwIKdSE2qdu4A/l04FESwLoou5g2E/Qlec0xwJydZplH+A=="],

    "@biomejs/cli-win32-x64": ["@biomejs/cli-win32-x64@2.5.12", "", { "os": "win32", "cpu": "x64" }, "sha512-B1R/l+CwEpKFSuqiwePzPNRk1EiJN8kc0UhdafNz6MZN9v5OFP9HYP1irptvWzHrwVI4blVNGMbxc5zt70m3IA=="],

    "@braidai/lang": ["@braidai/lang@1.1.2", "", {}, "sha512-qBcknbBufNHlui137Hft8xauQMTZDKdophmLFv05r2eNmdIv/MlPuP4TdUknHG68UdWLgVZwgxVe735HzJNIwA=="],

    "@dprint/android-arm64": ["@dprint/android-arm64@0.55.2", "", { "os": "android", "cpu": "arm64" }, "sha512-cywqM0E2h8lCA/b5BMFcuascaGuekm2lnyKb5hRH9juKbsqKeR8A7qf2p3nVWRQ8cM7djOnQwhy8ecQ3qd6j9A=="],

    "@dprint/android-x64": ["@dprint/android-x64@0.55.2", "", { "os": "android", "cpu": "x64" }, "sha512-BvcqquD94dSYQP2FzBuojU/8vITpwz80uAkub2xCCx5g7zYdUZ98tK+N3GKfRS5AUJ1LpRPJgbO09rRLEo8leA=="],

    "@dprint/biome": ["@dprint/biome@0.13.9", "", {}, "sha512-rzRtn/TKNTjABLqjjRQ79MFR4wZh8CTshhQ0G9TZeO3anXuInWdgkJgomIy1BxJ2lP1h+/f9LRGj3RbeA5qjCw=="],

    "@dprint/darwin-arm64": ["@dprint/darwin-arm64@0.55.2", "", { "os": "darwin", "cpu": "arm64" }, "sha512-HjzasuPaC0EBHxEpS3Px/OPcxqZYln37xuAyYE0GFAhDuaotZEUpM8VE05Tzo4E32y7LKgLPT8CZVtEG5Ck7mQ=="],

    "@dprint/darwin-x64": ["@dprint/darwin-x64@0.55.2", "", { "os": "darwin", "cpu": "x64" }, "sha512-7XSF9XERvimg3XakXNlJRpJM9an5HKibWWShwCJr7Dz1Xp7P3pomjx9AtYV5EeD49GXu9FKdFfDiTC4BJtAVjA=="],

    "@dprint/exec": ["@dprint/exec@0.7.3", "", { "optionalDependencies": { "@dprint/exec-android-arm64": "0.7.3", "@dprint/exec-android-x64": "0.7.3", "@dprint/exec-darwin-arm64": "0.7.3", "@dprint/exec-darwin-x64": "0.7.3", "@dprint/exec-linux-arm64-glibc": "0.7.3", "@dprint/exec-linux-arm64-musl": "0.7.3", "@dprint/exec-linux-loong64-glibc": "0.7.3", "@dprint/exec-linux-loong64-musl": "0.7.3", "@dprint/exec-linux-ppc64-glibc": "0.7.3", "@dprint/exec-linux-ppc64-musl": "0.7.3", "@dprint/exec-linux-riscv64-glibc": "0.7.3", "@dprint/exec-linux-x64-glibc": "0.7.3", "@dprint/exec-linux-x64-musl": "0.7.3", "@dprint/exec-win32-arm64": "0.7.3", "@dprint/exec-win32-x64": "0.7.3" } }, "sha512-M5xIPMSfK1qFH0RLo6sAnChlHf4iakGjxp9mLNWn3gl7/V/JRJGyANNWLE+j+1OTr8zFWz6RDxuVhzCw+yFzHA=="],

    "@dprint/exec-android-arm64": ["@dprint/exec-android-arm64@0.7.3", "", { "os": "android", "cpu": "arm64" }, "sha512-cPXibyxePlrSCJSrDivVpQS+JF8R9YkSkWZPdylG/KO+fp2JuO+SjF6whUl0oJdsca//3JAYC2zaiVJ/4UxAIw=="],

    "@dprint/exec-android-x64": ["@dprint/exec-android-x64@0.7.3", "", { "os": "android", "cpu": "x64" }, "sha512-3Rs2ravm2i+qnItJ9VNxRmUuUXWI4yTl9+QRO/RKDLXSSjlyoYAa00wCEEv7JAmIEnGsi/n4mWEcdbY5p4WMIg=="],

    "@dprint/exec-darwin-arm64": ["@dprint/exec-darwin-arm64@0.7.3", "", { "os": "darwin", "cpu": "arm64" }, "sha512-mqlrtq779RxyeltaDz5daD40DThFxV8gArMkPRO4UFFWAvgdR5YlAVOQX6lEK3dBxWA52J8N0B8gUF22U+jw4w=="],

    "@dprint/exec-darwin-x64": ["@dprint/exec-darwin-x64@0.7.3", "", { "os": "darwin", "cpu": "x64" }, "sha512-w0li2EZulBXfjm/3LT/HV1FFtvup3LVBYs5iln6fY4ok6syLWEJnBp49Ygb3g+FZl+cpImyiwuA4jgCqhEG8KA=="],

    "@dprint/exec-linux-arm64-glibc": ["@dprint/exec-linux-arm64-glibc@0.7.3", "", { "os": "linux", "cpu": "arm64" }, "sha512-3eo6kYQGAMOh1SHYKL/2IgukR90ijgaG4nzYMHeK+/WvSjW2kGewg5v4hqp+8rnsV/pBE5jxuLFMDe67OzuWoA=="],

    "@dprint/exec-linux-arm64-musl": ["@dprint/exec-linux-arm64-musl@0.7.3", "", { "os": "linux", "cpu": "arm64" }, "sha512-QiCwGAmH2VsC4tQf4lRcErlGKnqGJcMbUV1an9QoaxIHTQUM1ZudDH00SUJYE76lMgWT6tZqS0QO0ObsUB2j7w=="],

    "@dprint/exec-linux-loong64-glibc": ["@dprint/exec-linux-loong64-glibc@0.7.3", "", { "os": "linux", "cpu": "none" }, "sha512-0AbB5k4ueY2HL/L7jFVyGknFpSg3hv6phJ4kJYkPrgYsg/84xx1dFrns369pDXmm7cYm3/WX27mBC6mK4JTYZg=="],

    "@dprint/exec-linux-loong64-musl": ["@dprint/exec-linux-loong64-musl@0.7.3", "", { "os": "linux", "cpu": "none" }, "sha512-SBqQurdxua9Iu8J9Yc3qkTM288hM+clTCwWN1E4/5W0KDyfFOdf2QcMZ6xRgUxwCYd1l9+MuH7fWkx5KYkKADw=="],

    "@dprint/exec-linux-ppc64-glibc": ["@dprint/exec-linux-ppc64-glibc@0.7.3", "", { "os": "linux", "cpu": "ppc64" }, "sha512-d+zlN/Mw0o4ONbBJQubN5i5DvwDEYQeAOr81dZ7KW5HElBSSgce209QhT73HemLUURDzuzVlu2OC2lv5B4Ltjw=="],

    "@dprint/exec-linux-ppc64-musl": ["@dprint/exec-linux-ppc64-musl@0.7.3", "", { "os": "linux", "cpu": "ppc64" }, "sha512-h69oRQybF67fJ9nLL9ZCHxipnsswVyWn5AHpITsLuQ4/1Dpn7UGQwUBjjWwN69R97s6KHHG1UzuXRwbsI3nR/Q=="],

    "@dprint/exec-linux-riscv64-glibc": ["@dprint/exec-linux-riscv64-glibc@0.7.3", "", { "os": "linux", "cpu": "none" }, "sha512-AwEsYWzdDiPmi9hQ42kNbO4WXX4PRr6/5Gq8z8GLfTRb8EXiFHS5e18ECu6diedMopykYEChIHEEt8UOUrB1+g=="],

    "@dprint/exec-linux-x64-glibc": ["@dprint/exec-linux-x64-glibc@0.7.3", "", { "os": "linux", "cpu": "x64" }, "sha512-VQx0S2Tii3OSIzbb6Q0uzMvL58/Ta6PbzvvSK86+wZ7ptAJBQcfaBDiMHbQhem1ezWZBC5DJPhXJx990pC3Pzg=="],

    "@dprint/exec-linux-x64-musl": ["@dprint/exec-linux-x64-musl@0.7.3", "", { "os": "linux", "cpu": "x64" }, "sha512-Lv3XDlC4Yth5btE/ZDCJzcGNjDQOhE6i4hGKA9RhVt1Xl8PVVIDetbm5O/bKFYAkqkbLgc5Wix4JlqKZg6RHBA=="],

    "@dprint/exec-win32-arm64": ["@dprint/exec-win32-arm64@0.7.3", "", { "os": "win32", "cpu": "arm64" }, "sha512-OJXC4BpO2bZ3j9S82+cfdFQu+Ik5Bv3z5pPRy2PKJpPV4H0Tif+BRZbZOwu7zOjV8pPhOrQFcS2yjMOn0w8qXg=="],

    "@dprint/exec-win32-x64": ["@dprint/exec-win32-x64@0.7.3", "", { "os": "win32", "cpu": "x64" }, "sha512-DiHplDCmodlgD3WANwrpv+iodJeRQaSnlDX6M/Ny4/Sbw5CdRCczrdsGugo7GkiNqeGrQ+uyaeic37NX7atOEQ=="],

    "@dprint/linux-arm64-glibc": ["@dprint/linux-arm64-glibc@0.55.2", "", { "os": "linux", "cpu": "arm64" }, "sha512-2h5oe4tHGXJOTLU5BxVJLGPP1qQQxxECdjUaRkLxGn2rZIEf/7HwoJ+TjwMUaIVg4QxAFxfiMJJ3MRZjumJpsg=="],

    "@dprint/linux-arm64-musl": ["@dprint/linux-arm64-musl@0.55.2", "", { "os": "linux", "cpu": "arm64" }, "sha512-Z1X9mNLHWoSI7CHz888H2w27IV2UQ5lL/YbTwgguJM9ApLgvkMer5qr4pLlXF6vEY3+Rm0445eo3uojbjE7PTw=="],

    "@dprint/linux-loong64-glibc": ["@dprint/linux-loong64-glibc@0.55.2", "", { "os": "linux", "cpu": "none" }, "sha512-qxk4Cg/SjO14DALoG1MFZL+n6pEvCyd7VDHg1cQIpp82mZ+wtRaWkJqSaItWj12x8jihA32wAoQ/8OHz+5FFsQ=="],

    "@dprint/linux-loong64-musl": ["@dprint/linux-loong64-musl@0.55.2", "", { "os": "linux", "cpu": "none" }, "sha512-Mr+kRdZnxhUHBmhhADkYOo1g81PYvbh7eBo+lpMStgIvL/5Z93mGAcp/1NFcpeN02pilaI1N59awV08ApJ19cA=="],

    "@dprint/linux-ppc64-glibc": ["@dprint/linux-ppc64-glibc@0.55.2", "", { "os": "linux", "cpu": "ppc64" }, "sha512-C8XEL3f3yg+MWZD4qlot+ibJ0GDPvCT5jq9ErwPdKteyIPpe6IPSqiEApYSQ194Q7audL8rgS0WdJsW4HNVhmw=="],

    "@dprint/linux-ppc64-musl": ["@dprint/linux-ppc64-musl@0.55.2", "", { "os": "linux", "cpu": "ppc64" }, "sha512-tSGe4bTmL5/EhNH38baCKWBGxOXVB0M5Loxnpls7wsQjuLpzWnzDCw4wiO3C7PrKLbAe4sJUWhbgdDXa3TJ2eQ=="],

    "@dprint/linux-riscv64-glibc": ["@dprint/linux-riscv64-glibc@0.55.2", "", { "os": "linux", "cpu": "none" }, "sha512-gSaoq9e3vGTfYm5jcEd86YysFsp8OJF/CGZgBzNNu3NSjLEs8VVgTObDxQI+U7ex2mA17lbpWyr3diejaaK+bg=="],

    "@dprint/linux-x64-glibc": ["@dprint/linux-x64-glibc@0.55.2", "", { "os": "linux", "cpu": "x64" }, "sha512-GBLWjuqTT5OGbqh2gQENQihhfRn/AjdDu2SVwjmbZcOFR80HMppIfFrIIolBB3FLyrZk+M8rMk8EAo0tQ3PAXw=="],

    "@dprint/linux-x64-musl": ["@dprint/linux-x64-musl@0.55.2", "", { "os": "linux", "cpu": "x64" }, "sha512-GZEUpmtxCOiauRtqOqT/erAjy2ws8dOxx7oQJFf9g5bypisuapwymvr7fUVVb8nqccFqjx7E5kN4IxKDlzntHA=="],

    "@dprint/markdown": ["@dprint/markdown@0.22.1", "", {}, "sha512-L5BYR66HNxs5vmGGYze/SP9wrIJnHIhbZGCbdP2N+o5gbukhau3ulFbaG/rB7u9H51LXGePue1sFXVgS5IiU2A=="],

    "@dprint/win32-arm64": ["@dprint/win32-arm64@0.55.2", "", { "os": "win32", "cpu": "arm64" }, "sha512-dxDdxU4a6wQ4K0omdAxW7o0mUdOI03z0/Ah3N6O9Ja7wAMQI5sbfzq7DOJ739UVXtHSB4zBTtYuk1MrBOIyVQQ=="],

    "@dprint/win32-x64": ["@dprint/win32-x64@0.55.2", "", { "os": "win32", "cpu": "x64" }, "sha512-UTiDSShHbrkx+z719/MffgwGYD8PaypdVmG4vVJVjmF5Hoin6EfugHhSoBf8+G6U9rF+uDIIl0idZq+6Bifzwg=="],

    "@jridgewell/gen-mapping": ["@jridgewell/gen-mapping@0.3.13", "", { "dependencies": { "@jridgewell/sourcemap-codec": "^1.5.0", "@jridgewell/trace-mapping": "^0.3.24" } }, "sha512-2kkt/7niJ6MgEPxF0bYdQ6etZaA+fQvDcLKckhy1yIQOzaoKjBBjSj63/aLVjYE3qhRt5dvM+uUyfCg6UKCBbA=="],

    "@jridgewell/remapping": ["@jridgewell/remapping@2.3.5", "", { "dependencies": { "@jridgewell/gen-mapping": "^0.3.5", "@jridgewell/trace-mapping": "^0.3.24" } }, "sha512-LI9u/+laYG4Ds1TDKSJW2YPrIlcVYOwi2fUC6xB43lueCjgxV4lffOCZCtYFiH6TNOX+tQKXx97T4IKHbhyHEQ=="],

    "@jridgewell/resolve-uri": ["@jridgewell/resolve-uri@3.1.2", "", {}, "sha512-bRISgCIjP20/tbWSPWMEi54QVPRZExkuD9lJL+UIxUKtwVJA8wW1Trb1jMs1RFXo1CBTNZ/5hpC9QvmKWdopKw=="],

    "@jridgewell/sourcemap-codec": ["@jridgewell/sourcemap-codec@1.6.0", "", {}, "sha512-T7jf+5zgsZHwNJ4lvQ7/aezbyk0nNX+zJVWpmHA7VYsEx7a7qr5Rg5IbtJFqkgze5Y2sruq1RUY8Q837Od7iFw=="],

    "@jridgewell/trace-mapping": ["@jridgewell/trace-mapping@0.3.31", "", { "dependencies": { "@jridgewell/resolve-uri": "^3.1.0", "@jridgewell/sourcemap-codec": "^1.4.14" } }, "sha512-zzNR+SdQSDJzc8joaeP8QQoCQr8NuYx2dIIytl1QeBEZHJ9uW6hebsrYgbz8hJwUQao3TWCMtmfV8Nu1twOLAw=="],

    "@loaderkit/resolve": ["@loaderkit/resolve@1.0.6", "", { "dependencies": { "@braidai/lang": "^1.0.0" } }, "sha512-G8FdIoF5CypfwmD9rl8BXod5HDn8JqB0CCNBXDTaRZ+yRYhARrrSToX1zg1zy9jX3zLqigsELwhT4gNtkdQAUg=="],

    "@oxc-project/types": ["@oxc-project/types@0.148.0", "", {}, "sha512-Nm4s/jB+4FpFsPhWGEC4h7rzksesmtnMXomo6rCMcg/b8zLQuOziRgkCS1fxDCXOlJB/6Q8oABOZ/OP6RIPj9A=="],

    "@publint/pack": ["@publint/pack@0.1.7", "", { "dependencies": { "tinyexec": "^1.3.0" } }, "sha512-4EDEmvxWtgsCnnVeBvtFIFZtUhPPt1+bA9JrSwU4Sa//6oKtzCSlGGXYJr44OD9aGISymbieJ4mCKHUygUDU+g=="],

    "@quansync/fs": ["@quansync/fs@1.0.0", "", { "dependencies": { "quansync": "^1.0.0" } }, "sha512-4TJ3DFtlf1L5LDMaM6CanJ/0lckGNtJcMjQ1NAV6zDmA0tEHKZtxNKin8EgPaVX1YzljbxckyT2tJrpQKAtngQ=="],

    "@rolldown/binding-android-arm-eabi": ["@rolldown/binding-android-arm-eabi@1.2.7", "", { "os": "android", "cpu": "arm" }, "sha512-EypzgnYCwyVY4NDHKzGmNJT5b+XaQEBniHxsMdeIQLB/tcCzZnhqrzHpZFbX9iaxx+5RiB8caATBtfvZP7zVxQ=="],

    "@rolldown/binding-android-arm64": ["@rolldown/binding-android-arm64@1.2.7", "", { "os": "android", "cpu": "arm64" }, "sha512-l17HE9EweWaqJZhuUuNBN/FzM62xw+DECVnJyvMsxn8vJFAGLy5QfLDoYAcronkAN8VxKZHezDpulHDPx95vFw=="],

    "@rolldown/binding-darwin-arm64": ["@rolldown/binding-darwin-arm64@1.2.7", "", { "os": "darwin", "cpu": "arm64" }, "sha512-8ED8ELFvHXc6OCETIn4gXObPiaR6bckM/ipXtbzlPVDRMBfEGjCKgO90F9YtfdpDatVx/ZQw7aZ1vUMf/+T3Mw=="],

    "@rolldown/binding-darwin-x64": ["@rolldown/binding-darwin-x64@1.2.7", "", { "os": "darwin", "cpu": "x64" }, "sha512-/WPripjtiAIZ2tWY7ddijORT0Ujg87wxWW/qcoFVCKAWVDPhtY0xr7Dj0M3GyNGz60jGwTElhro/mkF9dT7dDQ=="],

    "@rolldown/binding-freebsd-x64": ["@rolldown/binding-freebsd-x64@1.2.7", "", { "os": "freebsd", "cpu": "x64" }, "sha512-14DI4NcqpvbICxSnGLx3PmtDaWqRP/KGSGb6C+JLLVPeZRl6dKdHba3pGsqT3vpdTqhEYIPG0MMQ8c0xYqoJxA=="],

    "@rolldown/binding-linux-arm-gnueabihf": ["@rolldown/binding-linux-arm-gnueabihf@1.2.7", "", { "os": "linux", "cpu": "arm" }, "sha512-bxrWIRvHWQvbJwi+VIie/kDJmQxcNE6xxWwZdqF/ExVAigtHkv54WTLQPb+QsZdnFy18fg7JPfWGL0RH6vwIlQ=="],

    "@rolldown/binding-linux-arm64-gnu": ["@rolldown/binding-linux-arm64-gnu@1.2.7", "", { "os": "linux", "cpu": "arm64" }, "sha512-toOY2BChBZyuxU7OYX6Tn389di4IzAqPTycVcci0O7FSfBqzRB3RZn+K5Is6ANf4tmgRd/K1yZTsNTXbkXsnLg=="],

    "@rolldown/binding-linux-arm64-musl": ["@rolldown/binding-linux-arm64-musl@1.2.7", "", { "os": "linux", "cpu": "arm64" }, "sha512-lAIXTH/aiLRLxsTgQvfhjo4K1ydWIp00+V0voOr9beb/9ZmkUFrSIb03dXNFRgMNvkE6oGsF10ioQ6UsI+vS5Q=="],

    "@rolldown/binding-linux-ppc64-gnu": ["@rolldown/binding-linux-ppc64-gnu@1.2.7", "", { "os": "linux", "cpu": "ppc64" }, "sha512-kdnwS28Pkenp/mZMRwjXXXwxQ7pIsm+bF919LUK93BOyhcLsrVKdP2p9fxpiPNPAbNuch8ypQt0pm2P2LYCAGg=="],

    "@rolldown/binding-linux-s390x-gnu": ["@rolldown/binding-linux-s390x-gnu@1.2.7", "", { "os": "linux", "cpu": "s390x" }, "sha512-516OdsyLdr5E65paF3yBF55t8mfm9+gmtCsK3xI7XKXIT7EfRlHhxL8K/NR6Hu8BWSgF5+1w74lTL0+nxcc8Qw=="],

    "@rolldown/binding-linux-x64-gnu": ["@rolldown/binding-linux-x64-gnu@1.2.7", "", { "os": "linux", "cpu": "x64" }, "sha512-r8/z8n7GFaYRln3xmP1Cxy0HH/HLM0uBUPkEuSVEfKGDA89M0FsZRZJRSwe/tJjRx+fpH/gjorfhB8tmEbSFLA=="],

    "@rolldown/binding-linux-x64-musl": ["@rolldown/binding-linux-x64-musl@1.2.7", "", { "os": "linux", "cpu": "x64" }, "sha512-pAsE8iiDxUg1xBqdhrTfg45AVDVpirjz00sblEYClGNNcMnDb+e8beQgqIAw6LvauX/APvgxUnwrgun/YYGBhw=="],

    "@rolldown/binding-openharmony-arm64": ["@rolldown/binding-openharmony-arm64@1.2.7", "", { "os": "none", "cpu": "arm64" }, "sha512-lTcIYmmnQQA8Or/2DatS6oSqcdLHvendjS+zLu+FwgToynWMRSmQdpM65fTANJgIS4mjbMOo5KT2lnT9SAb96w=="],

    "@rolldown/binding-win32-arm64-msvc": ["@rolldown/binding-win32-arm64-msvc@1.2.7", "", { "os": "win32", "cpu": "arm64" }, "sha512-e3Gu3WxbNk/UqQhxqU7YIYO+9ZBvWNz3U+h/qRFosscMFzdRPbXYSaSWgSnklv2fz1TgzBTcti2z35c/7irsHw=="],

    "@rolldown/binding-win32-x64-msvc": ["@rolldown/binding-win32-x64-msvc@1.2.7", "", { "os": "win32", "cpu": "x64" }, "sha512-W/jg5qoRSqjsEv0+dZi4e687mcHqmVuU0P4fK6qS/xjetW2Gmc1W8j//z5nAeNcC8Ttm0hV46IjcYeuVwYhuiw=="],

    "@rolldown/pluginutils": ["@rolldown/pluginutils@1.0.1", "", {}, "sha512-2j9bGt5Jh8hj+vPtgzPtl72j0yRxHAyumoo6TNfAjsLB04UtpSvPbPcDcBMxz7n+9CYB0c1GxQFxYRg2jimqGw=="],

    "@runner-run/android-arm64": ["@runner-run/android-arm64@0.25.1", "", { "os": "android", "cpu": "arm64", "bin": { "runner": "bin/runner", "run": "bin/run" } }, "sha512-srJD0DGfbad7NEE2rTArc9Izh7NiCZJNQ4dy5Gh0mFQBcLDsgbg819N+l5UX33WcKW+11gcuPa90+4PmoC7xzw=="],

    "@runner-run/darwin-arm64": ["@runner-run/darwin-arm64@0.25.1", "", { "os": "darwin", "cpu": "arm64", "bin": { "runner": "bin/runner", "run": "bin/run" } }, "sha512-dhMFLxCPHyBi6VaSDA5UbVVLoJh5dzOT9DZDLNMk4QAtuZGMcjQe1a4zPJpa6rk8/y5UDlOUKKmROhImD/gTYg=="],

    "@runner-run/darwin-x64": ["@runner-run/darwin-x64@0.25.1", "", { "os": "darwin", "cpu": "x64", "bin": { "runner": "bin/runner", "run": "bin/run" } }, "sha512-gfzu5pyuc4SP9c7ESjEXcnGlSS/SoGbnSYvG1kk8Y/IgGwRCkY0MIC24KIq24tTI74qQIJ7EKiDQ8HYqOkqjbA=="],

    "@runner-run/freebsd-arm64": ["@runner-run/freebsd-arm64@0.25.1", "", { "os": "freebsd", "cpu": "arm64", "bin": { "runner": "bin/runner", "run": "bin/run" } }, "sha512-WhypQJN2Gvs0SBFidETzmgkSfSwbR4VXBOWGq7nhDDveSV8DS84SNvV/nLXteJsi3gM6OPsOUkKjo0h+Lz9mrA=="],

    "@runner-run/freebsd-x64": ["@runner-run/freebsd-x64@0.25.1", "", { "os": "freebsd", "cpu": "x64", "bin": { "runner": "bin/runner", "run": "bin/run" } }, "sha512-4+Zk/EmbptbyIQ8wJpx1NMYm6jzztaH6SDn5hJjNfSJNG58vD7N2TRcom+4UOd/Qds8KwY21dYv+nicH/f52mw=="],

    "@runner-run/linux-arm64-gnu": ["@runner-run/linux-arm64-gnu@0.25.1", "", { "os": "linux", "cpu": "arm64", "bin": { "runner": "bin/runner", "run": "bin/run" } }, "sha512-3+8q4gsiDVXUbGCDf+mF086YKi8+SvyAiNeSdS0UEwnUd8bj02hmd7sXtOO3d9KGZqyGUoEMnplnkCJFqd48YQ=="],

    "@runner-run/linux-arm64-musl": ["@runner-run/linux-arm64-musl@0.25.1", "", { "os": "linux", "cpu": "arm64", "bin": { "runner": "bin/runner", "run": "bin/run" } }, "sha512-e20kU/CSmwfnd0FGFXH/GndZEnhLh9yJB4yHGZIe/u7kSfW5NzSBGNb5Zd4YMbDnB7KK60opaDxfId+VxLPhZg=="],

    "@runner-run/linux-armv7-gnueabihf": ["@runner-run/linux-armv7-gnueabihf@0.25.1", "", { "os": "linux", "cpu": "arm", "bin": { "runner": "bin/runner", "run": "bin/run" } }, "sha512-XcNuy540N0QN/raXN4zxE6MRZnd4uAC3+h2DeiDNG93lxAk3SzJI3qEm8Khdqs+w4F+s+fh2szHCLNAKZk4chg=="],

    "@runner-run/linux-x64-gnu": ["@runner-run/linux-x64-gnu@0.25.1", "", { "os": "linux", "cpu": "x64", "bin": { "runner": "bin/runner", "run": "bin/run" } }, "sha512-pFtjXJnBQZDw5XajAzPgSpxWV4mLfqfOuQa4teQsHtH49MDfCr50mhQOjUciMYViU9JQkulmQYaEXyo6Gk8ddQ=="],

    "@runner-run/linux-x64-musl": ["@runner-run/linux-x64-musl@0.25.1", "", { "os": "linux", "cpu": "x64", "bin": { "runner": "bin/runner", "run": "bin/run" } }, "sha512-uDrKW9H/Rco45r7NjWe4LkfnCVpYRorwIXB62HDt6+b3qaSH9QgBtBu6TIfGiv8g3VAqonZGu7YVyyKoh71pUA=="],

    "@runner-run/netbsd-x64": ["@runner-run/netbsd-x64@0.25.1", "", { "os": "none", "cpu": "x64", "bin": { "runner": "bin/runner", "run": "bin/run" } }, "sha512-xzeJ8vVYprWYRmZp/oyCK5iiTsGWBEy0bMOsA5+qU+feLwCz57OiBA3NaMRIVIn+IB7b0AGCO6sKdEsIsDqJQQ=="],

    "@runner-run/win32-arm64-msvc": ["@runner-run/win32-arm64-msvc@0.25.1", "", { "os": "win32", "cpu": "arm64", "bin": { "runner": "bin/runner.exe", "run": "bin/run.exe" } }, "sha512-fYH69szB42i9k0c4dh6iRkVNCPeIu3Vw53mFpH5Uj4Ns5xXj5dMQPssXubXpvTgTljeLX1az0vUDhbZkjsKybQ=="],

    "@runner-run/win32-ia32-msvc": ["@runner-run/win32-ia32-msvc@0.25.1", "", { "os": "win32", "cpu": "ia32", "bin": { "runner": "bin/runner.exe", "run": "bin/run.exe" } }, "sha512-ei4Enwm0yiNoqo+xgBPfz0xBPXVc7TZCtaz5wWvO68ko5X2l75b9ufG0N4RkMTaeMqHHniFL4bLn2QUBV3pprQ=="],

    "@runner-run/win32-x64-msvc": ["@runner-run/win32-x64-msvc@0.25.1", "", { "os": "win32", "cpu": "x64", "bin": { "runner": "bin/runner.exe", "run": "bin/run.exe" } }, "sha512-lEOIgxB31LXnYCdBEHCgxS6oZypTe3j0h+9DUNyly8QCahMUx0ipkaqWGg4O8NvMqXjoGLCNlU6hUKB8OdNLAQ=="],

    "@tombi-toml/cli-darwin-arm64": ["@tombi-toml/cli-darwin-arm64@1.5.0", "", { "os": "darwin", "cpu": "arm64" }, "sha512-sDhcU8d4Xn28FeQu5aOttHNP3/AGmn0x6066YXi75cu7iQoFO5O4+QHBelg3k5jjGZVFpb6madHrXYXtgr0GkQ=="],

    "@tombi-toml/cli-darwin-x64": ["@tombi-toml/cli-darwin-x64@1.5.0", "", { "os": "darwin", "cpu": "x64" }, "sha512-l/caW1Jq91/CSA5Qlybpvx369/5TxSSus+L131/Mrv+Gcl4aQjteJjN8ryrcC4inRx5yC/JQryRI7ED04lsG8g=="],

    "@tombi-toml/cli-linux-arm64": ["@tombi-toml/cli-linux-arm64@1.5.0", "", { "os": "linux", "cpu": "arm64" }, "sha512-dcxNQuCyoO5FY5SkJdE9Z8AoajJIkrlFlcwA6dL+CAvmstN62WZnLUnRQoU/VypAw4h4iF5oXMv239ZJiBsCng=="],

    "@tombi-toml/cli-linux-arm64-musl": ["@tombi-toml/cli-linux-arm64-musl@1.5.0", "", { "os": "linux", "cpu": "arm64" }, "sha512-Jt/8G6sBewNQh6rxbiSIpy1Ni6OnYPx06eqVx2fXz92gch6eb7ga2bKeTqX2ryAttTO5VRk5QnrH44asC8msVg=="],

    "@tombi-toml/cli-linux-x64": ["@tombi-toml/cli-linux-x64@1.5.0", "", { "os": "linux", "cpu": "x64" }, "sha512-f1Jb2+rweWqXQfTqKnxKF7bHJVH12ertCTSNdnV7tx8E3XFnQJZFQ0V3PKGNo4ZRfD9vO3Mq/EE//Cu2PbBvig=="],

    "@tombi-toml/cli-linux-x64-musl": ["@tombi-toml/cli-linux-x64-musl@1.5.0", "", { "os": "linux", "cpu": "x64" }, "sha512-mDUb7woUgKdKJ2LF3+x3Q6hXAJwCGZ64Rw6T7dAkW/yT49OJkAmNpU/yx+dJKzTL/tvuhvuzzTw+cBzM53NcBg=="],

    "@tombi-toml/cli-sunos-x64": ["@tombi-toml/cli-sunos-x64@1.5.0", "", { "os": "sunos", "cpu": "x64" }, "sha512-HJK2V/5av6At/0P5lyR7QA37FOof6bCZ86mnPzV4SNeUky5xecx4M0cUNZCLCP3UfUm9/piL3qoZTrI10DpL4Q=="],

    "@tombi-toml/cli-win32-arm64": ["@tombi-toml/cli-win32-arm64@1.5.0", "", { "os": "win32", "cpu": "arm64" }, "sha512-pki9DnfYgAx85Xe00SsVh6+3sfwkgNsquSv4boaKOO8juD5Z8+b6jQ6KAev5WRrmiLieLs66upIMXPBxaQRubw=="],

    "@tombi-toml/cli-win32-x64": ["@tombi-toml/cli-win32-x64@1.5.0", "", { "os": "win32", "cpu": "x64" }, "sha512-yR4WL/Qfr0W27ayZKLVpSBS76eBa4yO78pT7rwSBHDYNSxlslzTbf5tLsIwcyJe/o2ZV4RQ8Zo3b2pBl0SdnKQ=="],

    "@types/bun": ["@types/bun@1.4.0", "", { "dependencies": { "bun-types": "1.4.0" } }, "sha512-K+lZULY23vRgK/CfTjFIV+tyifaNdSMlPh9j+6mQ/cLfpOznLyAuzgV/JQysyECpkBQLVMSyvjlr2fBUSA9wFQ=="],

    "@types/deno": ["@types/deno@2.7.0", "", {}, "sha512-Y6fWcV8KpYeO3Lik/RiYnUxtr/LWqoeACciU0CA+dr1U/45tGgaX3HWQQAPCNN53raN4Rr4Fht4y6qsUH57fDA=="],

    "@types/node": ["@types/node@26.4.1", "", { "dependencies": { "undici-types": "~8.3.0" } }, "sha512-k97ENvZWtvA6yqz5/FS6a7duDgOPEeOQOc2iKS/nY6mX6qJUKtLnWzQS+Xj6tXweyj6ZcTAK2Qecetnvi9nCLA=="],

    "@typescript/native": ["typescript@7.0.2", "", { "optionalDependencies": { "@typescript/typescript-aix-ppc64": "7.0.2", "@typescript/typescript-darwin-arm64": "7.0.2", "@typescript/typescript-darwin-x64": "7.0.2", "@typescript/typescript-freebsd-arm64": "7.0.2", "@typescript/typescript-freebsd-x64": "7.0.2", "@typescript/typescript-linux-arm": "7.0.2", "@typescript/typescript-linux-arm64": "7.0.2", "@typescript/typescript-linux-loong64": "7.0.2", "@typescript/typescript-linux-mips64el": "7.0.2", "@typescript/typescript-linux-ppc64": "7.0.2", "@typescript/typescript-linux-riscv64": "7.0.2", "@typescript/typescript-linux-s390x": "7.0.2", "@typescript/typescript-linux-x64": "7.0.2", "@typescript/typescript-netbsd-arm64": "7.0.2", "@typescript/typescript-netbsd-x64": "7.0.2", "@typescript/typescript-openbsd-arm64": "7.0.2", "@typescript/typescript-openbsd-x64": "7.0.2", "@typescript/typescript-sunos-x64": "7.0.2", "@typescript/typescript-win32-arm64": "7.0.2", "@typescript/typescript-win32-x64": "7.0.2" }, "bin": { "tsc": "bin/tsc" } }, "sha512-8FYau96o3NKOhbjKi/qNvG/W5jhzxkbdm5sj9AbZ/5T5sWqn3hJgLfGx27sRKZWTvyzCP8dLRBTf5tBTSRVUNA=="],

    "@typescript/typescript-aix-ppc64": ["@typescript/typescript-aix-ppc64@7.0.2", "", { "os": "aix", "cpu": "ppc64" }, "sha512-MTKKkWB7p/0E9xi1d1tHtZ5PiLkGEMIq88pK2CubZjOsLtYTLqhgIgi6zepFa+9GHZ6h05NMCkQxGKiPXMxXtQ=="],

    "@typescript/typescript-darwin-arm64": ["@typescript/typescript-darwin-arm64@7.0.2", "", { "os": "darwin", "cpu": "arm64" }, "sha512-gowzar9MwS/aRWp6f3a4KUqzRjAZjOsmGNCM6LcTgXum+dBfgsBVMN+AgvOCCbguXyick6LJhpBszxMebJ8syA=="],

    "@typescript/typescript-darwin-x64": ["@typescript/typescript-darwin-x64@7.0.2", "", { "os": "darwin", "cpu": "x64" }, "sha512-SZ9xZInqApNlNGc9s0W1VSsktYSOe9cFqNOIqmN1Gs8SmkjKZYFt017G4VwPxASInODuAdbTW7sXiFUf893RgA=="],

    "@typescript/typescript-freebsd-arm64": ["@typescript/typescript-freebsd-arm64@7.0.2", "", { "os": "freebsd", "cpu": "arm64" }, "sha512-W5NH4y/J0plIIS5b2xvTEkU7JFxyqdMAOgf+Ilhl0vHQXKO5dZoxd+C/jEtq56c4F3wk71RB4BMRQ2XdI+bwYQ=="],

    "@typescript/typescript-freebsd-x64": ["@typescript/typescript-freebsd-x64@7.0.2", "", { "os": "freebsd", "cpu": "x64" }, "sha512-UMGDx5sTpzNw3WiPebH7l90IWfJggEd+egHt/q6p7/Cm3zqoV7VxkGXt+3DxPIw8CcmvAB0j3sVVfbhX+M4Tpw=="],

    "@typescript/typescript-linux-arm": ["@typescript/typescript-linux-arm@7.0.2", "", { "os": "linux", "cpu": "arm" }, "sha512-gffT3xPz9sR7j/YJExkyPntrI0P2EP9XbOyWzth2/Gs0RstK+90RBcO0ncXoXy/beYll1SXw846Nf2zdnEz0QQ=="],

    "@typescript/typescript-linux-arm64": ["@typescript/typescript-linux-arm64@7.0.2", "", { "os": "linux", "cpu": "arm64" }, "sha512-Qh4eU4/y3yDjnfjjyPYihMj5/ODIlmt+Bzu17OI+fiSRDW57QmU5SiN63exPRNJPKUzcc1INa1NXdrJ+MqHjUQ=="],

    "@typescript/typescript-linux-loong64": ["@typescript/typescript-linux-loong64@7.0.2", "", { "os": "linux", "cpu": "none" }, "sha512-uEHck9i8hoAzXPiYRib1O7miOnz23SxIeVl6F4LXox+qov1K35jHcEW6VHKvZI+pyvl7fZEP4MCU5LYvIq1GuQ=="],

    "@typescript/typescript-linux-mips64el": ["@typescript/typescript-linux-mips64el@7.0.2", "", { "os": "linux", "cpu": "none" }, "sha512-R4KvAMnE43W5Qeqb0Ly56O3mWMWIAgsMyz36DCaycd5nbg/9kzm0liw3JocfRqyJY0KPmzFjbswozXyW0DnIYA=="],

    "@typescript/typescript-linux-ppc64": ["@typescript/typescript-linux-ppc64@7.0.2", "", { "os": "linux", "cpu": "ppc64" }, "sha512-DORx5b3sd/4S7eayxm4FQv+A7CrkUIGRaHiwI8oiHTAI1fAPWhF4J0vAlkC8biAlHSVVwxMQ3tjZ2/DVbnQiiA=="],

    "@typescript/typescript-linux-riscv64": ["@typescript/typescript-linux-riscv64@7.0.2", "", { "os": "linux", "cpu": "none" }, "sha512-wf0jqEDOjrPRnKwYRyyJDRo11KMbvMFrU+q4zqKyChODBzvlkbhNQfKvLxQCcwTpdDaXSHZTVuh0JoCrKCUMHQ=="],

    "@typescript/typescript-linux-s390x": ["@typescript/typescript-linux-s390x@7.0.2", "", { "os": "linux", "cpu": "s390x" }, "sha512-IkwJc3L7yhytWd/ewjyxNDfOmswCm9GWMJT/ue/dU4aZNbwZeYAetq42VyLmsmSjvoX7z74X6ZaYCtzAr0EuGw=="],

    "@typescript/typescript-linux-x64": ["@typescript/typescript-linux-x64@7.0.2", "", { "os": "linux", "cpu": "x64" }, "sha512-EYdf2cNg7rgCWJnxCdJ+F3V39O8ihb37eHAu1LK8oAFizgTQbPOK7zHHXbPt8rX24COqODXeI3sIf0fCXG7H/A=="],

    "@typescript/typescript-netbsd-arm64": ["@typescript/typescript-netbsd-arm64@7.0.2", "", { "os": "none", "cpu": "arm64" }, "sha512-+polYF4MF04aPpO5FTkHran9yUQDSXqy5GiSDKpsll5jy3l3+g9QLhpf39T+ePtefhXLOGrLl0QIjkQP6VnelA=="],

    "@typescript/typescript-netbsd-x64": ["@typescript/typescript-netbsd-x64@7.0.2", "", { "os": "none", "cpu": "x64" }, "sha512-8YIT0EHM/3dq10ZOVF/A7pc/YSMtbcecct4rWtexrnSCHOPcpC2KTLXfTCR6vDpnSiY12heNb1GiN/wu+T/FyA=="],

    "@typescript/typescript-openbsd-arm64": ["@typescript/typescript-openbsd-arm64@7.0.2", "", { "os": "openbsd", "cpu": "arm64" }, "sha512-APT8+ClYnuYm1u9+kgGXoMj2VzWzcymwh2gNSQVySHfkRDGOTVkoWLjCmOQSaO+PoqQ57B0flRp9SA+7GnnkzQ=="],

    "@typescript/typescript-openbsd-x64": ["@typescript/typescript-openbsd-x64@7.0.2", "", { "os": "openbsd", "cpu": "x64" }, "sha512-yX7s+Q0Dln0Dt9tEzZsAjXXR/+ytBM7AlglaqyeMPxQszJ1JhlJdZ6jLA+IzldHtflX81em7lDao1xXu+aRRkg=="],

    "@typescript/typescript-sunos-x64": ["@typescript/typescript-sunos-x64@7.0.2", "", { "os": "sunos", "cpu": "x64" }, "sha512-dLJDGaLZ1D4HPQn62u1n8mBDkJREwMsAkCdkwd4Ieqw+x3TUyTsqY0YiBCtE6H6OzzgGk3iuZ3vFWRS+E8/d1g=="],

    "@typescript/typescript-win32-arm64": ["@typescript/typescript-win32-arm64@7.0.2", "", { "os": "win32", "cpu": "arm64" }, "sha512-Gyl1Vy6OsWesLzmq+EP0Fb7b4Nid5232AvcA2SFcdYreldpNtYFFofPjnt62y9hQy7VTaZp65ICJjuAQRaVcIQ=="],

    "@typescript/typescript-win32-x64": ["@typescript/typescript-win32-x64@7.0.2", "", { "os": "win32", "cpu": "x64" }, "sha512-0BQ3HkAHHlKLSp1qRvf3SUhGpGsDuhB/jgFw75guyqbxJqEaS0Cw/VFO8i2nHglJUzQCRtMMR/IBAKE3ETMC4g=="],

    "@yuku-codegen/binding-android-arm64": ["@yuku-codegen/binding-android-arm64@0.8.7", "", { "os": "android", "cpu": "arm64" }, "sha512-C/0zV5IhgVdYhGJTwrY0v8dknxlhiKwtVJkMUaexu9/QvRmzlV4vfU3hZlUSgqc2BxQHntL1mCVbDq8j0FRFDw=="],

    "@yuku-codegen/binding-darwin-arm64": ["@yuku-codegen/binding-darwin-arm64@0.8.7", "", { "os": "darwin", "cpu": "arm64" }, "sha512-/u+REDMI4a0/lsJXTM4c53/w31OGZLOReZIyg62uhgLs0kc8NHsj/nOcxTdlQjq5gi0zhdkccD9LaLTXcdzPvw=="],

    "@yuku-codegen/binding-darwin-x64": ["@yuku-codegen/binding-darwin-x64@0.8.7", "", { "os": "darwin", "cpu": "x64" }, "sha512-sMMzFOwCo4WXR+/6zIBThOocSC50iIIZZdfiIDbaLvj0Ax/rWt/iavyfEAqajyvzydLyCqR/ZItdLWSRlu1umw=="],

    "@yuku-codegen/binding-freebsd-x64": ["@yuku-codegen/binding-freebsd-x64@0.8.7", "", { "os": "freebsd", "cpu": "x64" }, "sha512-MpdpKXix9P+Y1rKgjvcNeNtGjXeL1CmttNhYINrWls8kRpm4xM/oBGTmn6w7to8lAlwj5jm8q03dQPl5mRv4Qw=="],

    "@yuku-codegen/binding-linux-arm-gnu": ["@yuku-codegen/binding-linux-arm-gnu@0.8.7", "", { "os": "linux", "cpu": "arm" }, "sha512-rr1srFLlPAmC1vtxfc9C1YLDe3iH09YjfSeeIidBqKhzx1MATjOAq4mjlRUOnhr/L27MotWIYOFKwVsd5JZFOg=="],

    "@yuku-codegen/binding-linux-arm-musl": ["@yuku-codegen/binding-linux-arm-musl@0.8.7", "", { "os": "linux", "cpu": "arm" }, "sha512-eAufXh8qBRpiSO6ueaMDL+yyoXIGLhpUce72YbcACtZU2qhExwBIJyEtQf5kH2Ki0X2aqkSjSfog4OPtKXan3Q=="],

    "@yuku-codegen/binding-linux-arm64-gnu": ["@yuku-codegen/binding-linux-arm64-gnu@0.8.7", "", { "os": "linux", "cpu": "arm64" }, "sha512-gw4w6wPoHObBrdIC4duVWLmJOvpdE25j5D7yrM5mACNlK4klRz/lv8hK+ssQk9EJHBgZjSaqZIJVFgqNYbfv7A=="],

    "@yuku-codegen/binding-linux-arm64-musl": ["@yuku-codegen/binding-linux-arm64-musl@0.8.7", "", { "os": "linux", "cpu": "arm64" }, "sha512-L68N6Y4XkqcIaKo3Ra88JEvBEH4AHff44A4INcrxeVWZ8CZtu2tCpfVxe3hR8qQQMcvBSQlDn24KpkCKEhVvfA=="],

    "@yuku-codegen/binding-linux-x64-gnu": ["@yuku-codegen/binding-linux-x64-gnu@0.8.7", "", { "os": "linux", "cpu": "x64" }, "sha512-dzyAbltJmf3Cqlb8HcFuYIf5Yn0fl1vTr3XJ9HiVNNvOlhqPSArOqtw9vI1p6/VTXTjrMLXlU+s+/kNHiIy/Cw=="],

    "@yuku-codegen/binding-linux-x64-musl": ["@yuku-codegen/binding-linux-x64-musl@0.8.7", "", { "os": "linux", "cpu": "x64" }, "sha512-Otw4MH3404q0Bbvl+YTdW9aoUV5vXmUw8260bWvt1XlaoIX/ceSgI4ygheRDMfBPoHt6FDayQaO9OLVUZAgkFA=="],

    "@yuku-codegen/binding-win32-arm64": ["@yuku-codegen/binding-win32-arm64@0.8.7", "", { "os": "win32", "cpu": "arm64" }, "sha512-qo/jyrzryiBuKEsFiuWaBCBe3tRMynQ0qFWFgOEjcCMQeZfBm+wKiVEUEFXXLc7bh8YezguAWp0Mtnhq4ARNyA=="],

    "@yuku-codegen/binding-win32-x64": ["@yuku-codegen/binding-win32-x64@0.8.7", "", { "os": "win32", "cpu": "x64" }, "sha512-D5lDsVDx6m00E6bWySlWdH72Ca4TPSaphDqB6QjU6MpuNLIJqoGoatYyq2rOmBE8Zv/kunot/o58KGL03P3eiA=="],

    "@yuku-parser/binding-android-arm64": ["@yuku-parser/binding-android-arm64@0.8.7", "", { "os": "android", "cpu": "arm64" }, "sha512-eGKYiUDX7Y0V7tDTmg+JTVnXnjMqfXXsorZ+EDf5kxwchQ3Or1HS14MzI2fw+jFhHR85fCWt+mtX33Yao73hIQ=="],

    "@yuku-parser/binding-darwin-arm64": ["@yuku-parser/binding-darwin-arm64@0.8.7", "", { "os": "darwin", "cpu": "arm64" }, "sha512-Re0RHelKLnjEURulY2/KxW+Ngb8zuNA4BRZuMwgGQNzVumT6u4U2N2hc01oeYVNVof0i7GrXE4UCNBgbpRRnjQ=="],

    "@yuku-parser/binding-darwin-x64": ["@yuku-parser/binding-darwin-x64@0.8.7", "", { "os": "darwin", "cpu": "x64" }, "sha512-Hn8DROtQkjlA1ACbPgj4a7eP9IuVOI504oiTwpkWPbpaDWD9KdmnVYCqW+1LfenNK/g7O9NhWGpXEdaCNX7lIA=="],

    "@yuku-parser/binding-freebsd-x64": ["@yuku-parser/binding-freebsd-x64@0.8.7", "", { "os": "freebsd", "cpu": "x64" }, "sha512-bAP2OV8wRuzplX/jYxv9+vvqQT8JxyNphI8fLfXGL054Xs+4/J5u33cIm3y4rxY8rdoLmmdiJs2Tq7r7lrDRfA=="],

    "@yuku-parser/binding-linux-arm-gnu": ["@yuku-parser/binding-linux-arm-gnu@0.8.7", "", { "os": "linux", "cpu": "arm" }, "sha512-kTYwJQQgmZeAWdDIWabiReIZMpmfLueIj1tCmjStUtFGhR1Z0qwxonKVfUC4N7h/VhGGzLZ//7O1kgt1QKqgCg=="],

    "@yuku-parser/binding-linux-arm-musl": ["@yuku-parser/binding-linux-arm-musl@0.8.7", "", { "os": "linux", "cpu": "arm" }, "sha512-uL4jE8HPT2BLlxAXyD10LqgPuXa9eDa0BKpCdSANmzIJghq/2eZo3/gQNtaxPZMupWoxjYzSad9IXrwu7aYPXQ=="],

    "@yuku-parser/binding-linux-arm64-gnu": ["@yuku-parser/binding-linux-arm64-gnu@0.8.7", "", { "os": "linux", "cpu": "arm64" }, "sha512-3gVN4pWSKZmXiNX7cU164dR9MPvesCHnlH6nPfpK+yQsCuYphjKKplcb4SnZBrhiqmXbgb2HR0c2TS0IZUPhgA=="],

    "@yuku-parser/binding-linux-arm64-musl": ["@yuku-parser/binding-linux-arm64-musl@0.8.7", "", { "os": "linux", "cpu": "arm64" }, "sha512-S0mwfEjoLpxzXeZw802Wa4RaELsQiPtWqG6INcy8j4GtvNFtl4LCX3eGO1XLn9pyLAISLzTRyU3zUCBUPin8lg=="],

    "@yuku-parser/binding-linux-x64-gnu": ["@yuku-parser/binding-linux-x64-gnu@0.8.7", "", { "os": "linux", "cpu": "x64" }, "sha512-lnbWdPmerE5D1uH1G4IEZKnPzCrWCStRGrtgpSIe1RibAo5bZIjDbbbPYXmMHCEh4F+x/JaJpElh26a3r+BPbg=="],

    "@yuku-parser/binding-linux-x64-musl": ["@yuku-parser/binding-linux-x64-musl@0.8.7", "", { "os": "linux", "cpu": "x64" }, "sha512-769uwndMvMzUvATWbAcEvyLHKA+DzhHSCl/obBUrRdYfRo26yxui6S8y3z7uJ+Naup7UKrDxrpK7OnQkxkl9KQ=="],

    "@yuku-parser/binding-win32-arm64": ["@yuku-parser/binding-win32-arm64@0.8.7", "", { "os": "win32", "cpu": "arm64" }, "sha512-mEB/9PlaAkisJ6KWGz0zvywXoU6+80dTlR2LwS7s/jcXXoU6fm2+sitBZXtqu3+Q4DcDgPxM45uWMCzPs0TSRw=="],

    "@yuku-parser/binding-win32-x64": ["@yuku-parser/binding-win32-x64@0.8.7", "", { "os": "win32", "cpu": "x64" }, "sha512-8vNB2DP0ou61nGb8tc/qfi41gfyDXz1MHr2zqL3nR+cJ6CEbiuWV/l/a/vv151gCgiZLLAyGkQGENpozdg716w=="],

    "@yuku-toolchain/types": ["@yuku-toolchain/types@0.8.7", "", {}, "sha512-2Z53dNxAJL6UvFoIrDZvYf3zlO8s4VJK4O2hhaB4mXVwwpX/7ajtss3cmfqKvamlNLWyt9FSWs4eoYdlbxpnHA=="],

    "ansis": ["ansis@4.3.1", "", {}, "sha512-BJ8/l4R5LRE7hW9WdSuGYrLSHi2ynxeFpDFbH0K/CgNeY/tyhk+vO6TYxXC5r5CpUhNVX310xzPsN/H9lCdfOA=="],

    "ansispeck": ["ansispeck@0.4.2", "", {}, "sha512-ZIIS0aQgc1HyhgK3Rru5SgL162D8jpRd39BH84eWDYmyT7eUuMj0Mx5OrKplp1dZJxZ/eQQNuYzkoX9OFnoYtA=="],

    "biome": ["@biomejs/biome@2.5.12", "", { "optionalDependencies": { "@biomejs/cli-darwin-arm64": "2.5.12", "@biomejs/cli-darwin-x64": "2.5.12", "@biomejs/cli-linux-arm64": "2.5.12", "@biomejs/cli-linux-arm64-musl": "2.5.12", "@biomejs/cli-linux-x64": "2.5.12", "@biomejs/cli-linux-x64-musl": "2.5.12", "@biomejs/cli-win32-arm64": "2.5.12", "@biomejs/cli-win32-x64": "2.5.12" }, "bin": { "biome": "bin/biome" } }, "sha512-Lw4VHZRebrReBBnlHa12JQjnIBm3JJAA55PDB9LbBVBF0q4RYphm6KfmIjqtPhf61MxZ5Q9KoK8R8x+7per5Aw=="],

    "bun-types": ["bun-types@1.4.0", "", { "dependencies": { "@types/node": "*" } }, "sha512-iIKw23BspnQQYd3prITOBxeUsxBHnwzX6YJfGMuNOZzeNcMmVqzIIVGRm1l69ogaPQmb4wB6BN8mA5bE9YuC5Q=="],

    "cac": ["cac@7.0.0", "", {}, "sha512-tixWYgm5ZoOD+3g6UTea91eow5z6AAHaho3g0V9CNSNb45gM8SmflpAc+GRd1InC4AqN/07Unrgp56Y94N9hJQ=="],

    "cjs-module-lexer": ["cjs-module-lexer@1.4.3", "", {}, "sha512-9z8TZaGM1pfswYeXrUpzPrkx8UnWYdhJclsiYMm6x/w5+nN+8Tf/LnAgfLGQCm59qAOxU8WwHEq2vNwF6i4j+Q=="],

    "defu": ["defu@6.1.7", "", {}, "sha512-7z22QmUWiQ/2d0KkdYmANbRUVABpZ9SNYyH5vx6PZ+nE5bcC0l7uFvEfHlyld/HcGBFTL536ClDt3DEcSlEJAQ=="],

    "detect-indent": ["detect-indent@7.0.2", "", {}, "sha512-y+8xyqdGLL+6sh0tVeHcfP/QDd8gUgbasolJJpY7NgeQGSZ739bDtSiaiDgtoicy+mtYB81dKLxO9xRhCyIB3A=="],

    "detect-newline": ["detect-newline@4.0.1", "", {}, "sha512-qE3Veg1YXzGHQhlA6jzebZN2qVf6NX+A7m7qlhCGG30dJixrAQhYOsJjsnBjJkCSmuOPpCk30145fr8FV0bzog=="],

    "dprint": ["dprint@0.55.2", "", { "optionalDependencies": { "@dprint/android-arm64": "0.55.2", "@dprint/android-x64": "0.55.2", "@dprint/darwin-arm64": "0.55.2", "@dprint/darwin-x64": "0.55.2", "@dprint/linux-arm64-glibc": "0.55.2", "@dprint/linux-arm64-musl": "0.55.2", "@dprint/linux-loong64-glibc": "0.55.2", "@dprint/linux-loong64-musl": "0.55.2", "@dprint/linux-ppc64-glibc": "0.55.2", "@dprint/linux-ppc64-musl": "0.55.2", "@dprint/linux-riscv64-glibc": "0.55.2", "@dprint/linux-x64-glibc": "0.55.2", "@dprint/linux-x64-musl": "0.55.2", "@dprint/win32-arm64": "0.55.2", "@dprint/win32-x64": "0.55.2" }, "bin": { "dprint": "bin.cjs" } }, "sha512-1d4D4SB9KiD2qFnBWbl3aoYjLvPVpZoth28yxTT00xJv2yXugdz0Xoyv7sGG0w0hzE6hQZMgd6B333GnySDpGQ=="],

    "dreamcli": ["@kjanat/dreamcli@3.0.1", "", { "dependencies": { "ansispeck": "^0.4.1" } }, "sha512-FY5uBPI7EQouhyUEpQdMEVew4jGEcshBZSSH6a8G47Bie+uBk1flLj8l2sJrVDOyd9lG1i1BaYyV0jmgdENp3A=="],

    "dts-resolver": ["dts-resolver@3.0.0", "", { "peerDependencies": { "oxc-resolver": ">=11.0.0" }, "optionalPeers": ["oxc-resolver"] }, "sha512-1T1f+z+4tl9XD+m+0HBgWoL/nm0bOIffyWaUuUSBlFg/86IWvfx+wjNaO/ybU0AJzG9/Mi5hBUgGV6zCmWEN7Q=="],

    "empathic": ["empathic@2.0.1", "", {}, "sha512-YGRs8knHhKHVShLkFET/rWAU8kmHbOV5LwN938RHI0pljAJ1Gf6SzXsSmRaEzcXTtOOmVqJ5+WtQPL5uigY50Q=="],

    "escape-string-regexp": ["escape-string-regexp@5.0.0", "", {}, "sha512-/veY75JbMK4j1yjvuUxuVsiS/hr/4iHs9FTT6cgTexxdE0Ly/glccBAkloH/DofkjRbZU3bnoj38mOmhkZ0lHw=="],

    "fdir": ["fdir@6.5.0", "", { "peerDependencies": { "picomatch": "^3 || ^4" }, "optionalPeers": ["picomatch"] }, "sha512-tIbYtZbucOs0BRGqPJkshJUYdL+SDH7dVM8gjy+ERp3WAUjLEFJE+02kanyHtwjWOnwrKYBiwAmM0p4kLJAnXg=="],

    "fflate": ["fflate@0.8.3", "", {}, "sha512-tbZNuJrLwGUp3zshBtdy4W+ORxZuIh8a5ilyIEQDC5rY1f3U20JMry0Ll3WBzU58EZKsEuJFXhb5gwv8CsPvgA=="],

    "get-tsconfig": ["get-tsconfig@5.0.0-beta.5", "", { "dependencies": { "resolve-pkg-maps": "^1.0.0" } }, "sha512-/6gFNr0N04nob252sTQxyFLi3eKFRqIg1I87YcqAMT1i6SQrSF6KujUEQrtrjMV0H/eejTCltLdDSTEMzHbnsQ=="],

    "git-hooks-list": ["git-hooks-list@4.2.1", "", {}, "sha512-WNvqJjOxxs/8ZP9+DWdwWJ7cDsd60NHf39XnD82pDVrKO5q7xfPqpkK6hwEAmBa/ZSEE4IOoR75EzbbIuwGlMw=="],

    "hookable": ["hookable@6.1.1", "", {}, "sha512-U9LYDy1CwhMCnprUfeAZWZGByVbhd54hwepegYTK7Pi5NvqEj63ifz5z+xukznehT7i6NIZRu89Ay1AZmRsLEQ=="],

    "import-without-cache": ["import-without-cache@0.4.0", "", {}, "sha512-NkJQA7oZ4YHQhd2+H3BoRFKF3d/XNsiKpHZCQEMH9pDX27hQQLsTyOocyRgaIVtf8gHX3Nt3LPkR4e5EdtPAGQ=="],

    "is-plain-obj": ["is-plain-obj@4.1.0", "", {}, "sha512-+Pgi+vMuUNkJyExiMBt5IlFoMyKnr5zhJ4Uspz58WOhBF5QoIZkFyNHIbBAtHwzVAgk5RtndVNsDRN61/mmDqg=="],

    "js-tokens": ["js-tokens@10.0.0", "", {}, "sha512-lM/UBzQmfJRo9ABXbPWemivdCW8V2G8FHaHdypQaIy523snUjog0W71ayWXTjiR+ixeMyVHN2XcpnTd/liPg/Q=="],

    "lru-cache": ["lru-cache@11.5.2", "", {}, "sha512-4pfM1Ff0x50o0tQwb5ucw/RzNyD0/YJME6IVcStalZuMWxdt3sR3huStTtxz4PUmvZfRguvDejasvQ2kifR11g=="],

    "mri": ["mri@1.2.0", "", {}, "sha512-tzzskb3bG8LvYGFF/mDTpq3jpI6Q9wc3LEmBaghu+DdCssd1FakN7Bc0hVNmEyGq1bq3RgfkCb3cmQLpNPOroA=="],

    "obug": ["obug@2.1.4", "", {}, "sha512-4a+OsYv9UktOJKE+l1A4OufDgdRF9PifWj+tJnHURo/P+WOxpG4GzUFL9qCalmWauao6ogiG+QvnCovwPoyAWA=="],

    "package-manager-detector": ["package-manager-detector@1.8.0", "", {}, "sha512-yQA4H19AmPEoMUeavPMDIe1higySl/gH/yaQrkT/s07Qp+7pp2hYz30N3z2l5BkjVkF9Ow6o0wjJamm2y7Sn0A=="],

    "picocolors": ["picocolors@1.1.1", "", {}, "sha512-xceH2snhtb5M9liqDsmEw56le376mTZkEX/jEb/RxNFyegNul7eNslCXP9FDj/Lcu0X8KEyMceP2ntpaHrDEVA=="],

    "picomatch": ["picomatch@4.0.7", "", {}, "sha512-qcJu88Q2IWqJsDD529JKMdwGm/dvInW4HvQnRwiH9JtihJvzGOscDtHE3x1pBKeUOTysQ8kVmLnJ2kJu7yhcGA=="],

    "publint": ["publint@0.3.24", "", { "dependencies": { "@publint/pack": "^0.1.7", "package-manager-detector": "^1.8.0", "picocolors": "^1.1.1", "sade": "^1.8.1" }, "bin": { "publint": "./src/cli.js" } }, "sha512-9zS56KrKBoqi5Qt8h92uMP8TTM9AYZSgnmCo4u2priMqkOZvQnTsziZ2p5LJ2ywbYkAjoCDp2jda9u4cgFefIw=="],

    "quansync": ["quansync@1.0.0", "", {}, "sha512-5xZacEEufv3HSTPQuchrvV6soaiACMFnq1H8wkVioctoH3TRha9Sz66lOxRwPK/qZj7HPiSveih9yAyh98gvqA=="],

    "resolve-pkg-maps": ["resolve-pkg-maps@1.0.0", "", {}, "sha512-seS2Tj26TBVOC2NIc2rOe2y2ZO7efxITtLZcGSOnHHNOQ7CkiUBfw0Iw2ck6xkIhPwLhKNLS8BO+hEpngQlqzw=="],

    "rolldown": ["rolldown@1.2.7", "", { "dependencies": { "@oxc-project/types": "=0.148.0", "@rolldown/pluginutils": "^1.0.0" }, "optionalDependencies": { "@rolldown/binding-android-arm-eabi": "1.2.7", "@rolldown/binding-android-arm64": "1.2.7", "@rolldown/binding-darwin-arm64": "1.2.7", "@rolldown/binding-darwin-x64": "1.2.7", "@rolldown/binding-freebsd-x64": "1.2.7", "@rolldown/binding-linux-arm-gnueabihf": "1.2.7", "@rolldown/binding-linux-arm64-gnu": "1.2.7", "@rolldown/binding-linux-arm64-musl": "1.2.7", "@rolldown/binding-linux-ppc64-gnu": "1.2.7", "@rolldown/binding-linux-s390x-gnu": "1.2.7", "@rolldown/binding-linux-x64-gnu": "1.2.7", "@rolldown/binding-linux-x64-musl": "1.2.7", "@rolldown/binding-openharmony-arm64": "1.2.7", "@rolldown/binding-win32-arm64-msvc": "1.2.7", "@rolldown/binding-win32-x64-msvc": "1.2.7" }, "bin": { "rolldown": "./bin/cli.mjs" } }, "sha512-g0EtLvBjTUB7jhyV0S/TCup3v/XSVl45vUIGbOGU4QPiyjTenCe4mKuFvW9fEgYmS2Fo42AUssRmNuMziXdrig=="],

    "rolldown-plugin-dts": ["rolldown-plugin-dts@0.27.14", "", { "dependencies": { "dts-resolver": "^3.0.0", "get-tsconfig": "5.0.0-beta.5", "obug": "^2.1.4", "yuku-ast": "^0.8.0", "yuku-codegen": "^0.8.0", "yuku-parser": "^0.8.0" }, "peerDependencies": { "@typescript/native-preview": "*", "@volar/typescript": "~2.4.0", "rolldown": "^1.0.0", "typescript": "^5.0.0 || ^6.0.0 || ~7.0.0", "vue-tsc": "~3.2.0 || ~3.3.0" }, "optionalPeers": ["@typescript/native-preview", "@volar/typescript", "typescript", "vue-tsc"] }, "sha512-ZvuDDwoIpRK9RPxDXratCpklFO9QZZWndf/sd0VBFb4LEj0jj07UcHK9OCh7V4XiFz2Z89ziyBC2K6tJiDjrbw=="],

    "runner-run": ["runner-run@0.25.1", "", { "dependencies": { "ansispeck": "^0.4.1" }, "optionalDependencies": { "@runner-run/android-arm64": "0.25.1", "@runner-run/darwin-arm64": "0.25.1", "@runner-run/darwin-x64": "0.25.1", "@runner-run/freebsd-arm64": "0.25.1", "@runner-run/freebsd-x64": "0.25.1", "@runner-run/linux-arm64-gnu": "0.25.1", "@runner-run/linux-arm64-musl": "0.25.1", "@runner-run/linux-armv7-gnueabihf": "0.25.1", "@runner-run/linux-x64-gnu": "0.25.1", "@runner-run/linux-x64-musl": "0.25.1", "@runner-run/netbsd-x64": "0.25.1", "@runner-run/win32-arm64-msvc": "0.25.1", "@runner-run/win32-ia32-msvc": "0.25.1", "@runner-run/win32-x64-msvc": "0.25.1" }, "bin": { "run": "bin/run.cjs", "runner": "bin/runner.cjs", "runner-run": "bin/runner.cjs" } }, "sha512-7VH/Niipfce7l1lP9uRF6+HnYPxtxKswD5MAEej1mgokr+WO6DcGZxprNimGWT9umTa4FG+s8WrHRnAmOIsc9w=="],

    "sade": ["sade@1.8.1", "", { "dependencies": { "mri": "^1.1.0" } }, "sha512-xal3CZX1Xlo/k4ApwCFrHVACi9fBqJ7V+mwhBsuf/1IOKbBy098Fex+Wa/5QMubw09pSZ/u8EY8PWgevJsXp1A=="],

    "semver": ["semver@7.8.5", "", { "bin": { "semver": "bin/semver.js" } }, "sha512-Y7/KDsb8LjooZpwaqGyulO6DQlksgCncchHGk+sZIY4SBvUocMBEFH5Ur1fI4dV+Jvl0w6cjvucaIi40puRioA=="],

    "sort-object-keys": ["sort-object-keys@2.1.0", "", {}, "sha512-SOiEnthkJKPv2L6ec6HMwhUcN0/lppkeYuN1x63PbyPRrgSPIuBJCiYxYyvWRTtjMlOi14vQUCGUJqS6PLVm8g=="],

    "sort-package-json": ["sort-package-json@4.0.0", "", { "dependencies": { "detect-indent": "^7.0.2", "detect-newline": "^4.0.1", "git-hooks-list": "^4.1.1", "is-plain-obj": "^4.1.0", "semver": "^7.7.3", "sort-object-keys": "^2.0.1", "tinyglobby": "^0.2.15" }, "bin": { "sort-package-json": "cli.js" } }, "sha512-6aYOlYI9AWioZ+rzu+4zKLmoFqJP0/fHDxrd7X04yqEibikY+5YVF0EYlyGn4v6X2PJY7yAUWV7oeP+i5rOm/g=="],

    "tinyexec": ["tinyexec@1.3.1", "", {}, "sha512-GCvB3aoys96IuDFBMcTB46JOR6mdMtAToqwiW8JlWhsoh1mhHi/xn9ss/Dg7N555GiJyEt2qzoG/NHCwM6h1EA=="],

    "tinyglobby": ["tinyglobby@0.2.17", "", { "dependencies": { "fdir": "^6.5.0", "picomatch": "^4.0.4" } }, "sha512-wXR/dYpcqKmfWpEdZjiKJOwCNFndD0DMnrW/cYjVGttEkBfVgcLFHoNrlj47mjOVic9yyNu65alsgF4NQyTa2g=="],

    "tombi": ["tombi@1.5.0", "", { "optionalDependencies": { "@tombi-toml/cli-darwin-arm64": "1.5.0", "@tombi-toml/cli-darwin-x64": "1.5.0", "@tombi-toml/cli-linux-arm64": "1.5.0", "@tombi-toml/cli-linux-arm64-musl": "1.5.0", "@tombi-toml/cli-linux-x64": "1.5.0", "@tombi-toml/cli-linux-x64-musl": "1.5.0", "@tombi-toml/cli-sunos-x64": "1.5.0", "@tombi-toml/cli-win32-arm64": "1.5.0", "@tombi-toml/cli-win32-x64": "1.5.0" }, "bin": { "tombi": "bin/tombi" } }, "sha512-VON7yb1RK78dNCIQf2cdOJQRwZXNDv+C8HM3cjdpNUAnR3bTaD7jX/SL6AUsUNc5FI3kp3lOklFVgyd6q8iArQ=="],

    "tree-kill": ["tree-kill@1.2.2", "", { "bin": { "tree-kill": "cli.js" } }, "sha512-L0Orpi8qGpRG//Nd+H90vFB+3iHnue1zSSGmNOOCh1GLJ7rUKVwV2HvijphGQS2UmhUZewS9VgvxYIdgr+fG1A=="],

    "tsdown": ["tsdown@0.22.14", "", { "dependencies": { "ansis": "^4.3.1", "cac": "^7.0.0", "defu": "^6.1.7", "empathic": "^2.0.1", "hookable": "^6.1.1", "import-without-cache": "^0.4.0", "obug": "^2.1.4", "picomatch": "^4.0.5", "rolldown": "~1.2.0", "rolldown-plugin-dts": "^0.27.13", "tinyexec": "^1.2.4", "tinyglobby": "^0.2.17", "tree-kill": "^1.2.2", "unconfig-core": "^7.5.0", "verkit": "^0.3.0" }, "peerDependencies": { "@arethetypeswrong/core": "^0.18.1", "@tsdown/css": "0.22.14", "@tsdown/exe": "0.22.14", "@vitejs/devtools": "*", "publint": "^0.3.8", "tsx": "*", "typescript": "^5.0.0 || ^6.0.0 || ^7.0.0", "unplugin-unused": "^0.5.0", "unrun": "*" }, "optionalPeers": ["@arethetypeswrong/core", "@tsdown/css", "@tsdown/exe", "@vitejs/devtools", "publint", "tsx", "typescript", "unplugin-unused", "unrun"], "bin": { "tsdown": "./dist/run.mjs" } }, "sha512-ule7Y+fsAN2iZbLDoo7C4KYljFJNJJ+fLshyn+9gozeTspVersWHxwdGB+Dm2hzA38s6muFnUTl0jK3vJm9ifQ=="],

    "typescript": ["typescript@6.0.3", "", { "bin": { "tsc": "bin/tsc", "tsserver": "bin/tsserver" } }, "sha512-y2TvuxSZPDyQakkFRPZHKFm+KKVqIisdg9/CZwm9ftvKXLP8NRWj38/ODjNbr43SsoXqNuAisEf1GdCxqWcdBw=="],

    "unconfig-core": ["unconfig-core@7.5.0", "", { "dependencies": { "@quansync/fs": "^1.0.0", "quansync": "^1.0.0" } }, "sha512-Su3FauozOGP44ZmKdHy2oE6LPjk51M/TRRjHv2HNCWiDvfvCoxC2lno6jevMA91MYAdCdwP05QnWdWpSbncX/w=="],

    "undici-types": ["undici-types@8.3.0", "", {}, "sha512-j375ScV60dom+YkPFIfTLcOiPxkN/buHz5GobjLhixFuANaNs3C9l4GmrWqejgXWJ7BbJcFYpTEUkS1Ge8bpZQ=="],

    "unplugin": ["unplugin@3.3.0", "", { "dependencies": { "@jridgewell/remapping": "^2.3.5", "picomatch": "^4.0.4", "webpack-virtual-modules": "^0.6.2" }, "peerDependencies": { "@farmfe/core": "*", "@rspack/core": "*", "bun-types-no-globals": "*", "esbuild": "*", "rolldown": "*", "rollup": "*", "unloader": "*", "vite": "*", "webpack": "*" }, "optionalPeers": ["@farmfe/core", "@rspack/core", "bun-types-no-globals", "esbuild", "rolldown", "rollup", "unloader", "vite", "webpack"] }, "sha512-qa66K+crbfyE6JK10GjvbJeRrOsuC/JpbnHctfyp/i4oBTxWOzJfRZyDiOk1PtErMFRu8JhsU/wPvOdBNWe5Rg=="],

    "unplugin-unused": ["unplugin-unused@0.6.0", "", { "dependencies": { "empathic": "^2.0.1", "escape-string-regexp": "^5.0.0", "js-tokens": "^10.0.0", "unplugin": "^3.3.0" } }, "sha512-ov+8yoEs5lyCjK7AqSUmpLuyEhtHwKtNtc1PrpwJVCNQjv+Dins4+7e1+ej57yo8lfiW/zOr9FAEmNmjgU+hFQ=="],

    "validate-npm-package-name": ["validate-npm-package-name@5.0.1", "", {}, "sha512-OljLrQ9SQdOUqTaQxqL5dEfZWrXExyyWsozYlAWFawPVNuD83igl7uJD2RTkNMbniIYgt8l81eCJGIdQF7avLQ=="],

    "verkit": ["verkit@0.3.2", "", {}, "sha512-zj/ob3UsvJGN0whEAKFp53REA5X66hvffVqoCtVQAakJKnKlH+/PcOfMoFwIG/o4rElqLv/ycAFlx8ZlXUorCg=="],

    "webpack-virtual-modules": ["webpack-virtual-modules@0.6.2", "", {}, "sha512-66/V2i5hQanC51vBQKPH4aI8NMAcBW59FVBs+rC7eGHupMyfn34q7rZIE+ETlJ+XTevqfUhVVBgSUNSW2flEUQ=="],

    "yuku-ast": ["yuku-ast@0.8.7", "", { "dependencies": { "@yuku-toolchain/types": "^0.8.7" } }, "sha512-h6+4bDfyootiMB9vckk5uKo5r5j0GHrkr17FQTDNfEsFT3DWlN9uu1HJwQwc64pgmLCI945fWM3lbTIqxjT3GQ=="],

    "yuku-codegen": ["yuku-codegen@0.8.7", "", { "dependencies": { "@yuku-toolchain/types": "^0.8.7" }, "optionalDependencies": { "@yuku-codegen/binding-android-arm64": "0.8.7", "@yuku-codegen/binding-darwin-arm64": "0.8.7", "@yuku-codegen/binding-darwin-x64": "0.8.7", "@yuku-codegen/binding-freebsd-x64": "0.8.7", "@yuku-codegen/binding-linux-arm-gnu": "0.8.7", "@yuku-codegen/binding-linux-arm-musl": "0.8.7", "@yuku-codegen/binding-linux-arm64-gnu": "0.8.7", "@yuku-codegen/binding-linux-arm64-musl": "0.8.7", "@yuku-codegen/binding-linux-x64-gnu": "0.8.7", "@yuku-codegen/binding-linux-x64-musl": "0.8.7", "@yuku-codegen/binding-win32-arm64": "0.8.7", "@yuku-codegen/binding-win32-x64": "0.8.7" } }, "sha512-adwDZSh8oVDzhE6Du9PwVWxcOxeV0e2EVhUuMKWfhSY4wkrDq9eqixlxFF3l/XGUV1E7UFzhpz9393MUumkyNw=="],

    "yuku-parser": ["yuku-parser@0.8.7", "", { "dependencies": { "@yuku-toolchain/types": "^0.8.7", "yuku-ast": "^0.8.7" }, "optionalDependencies": { "@yuku-parser/binding-android-arm64": "0.8.7", "@yuku-parser/binding-darwin-arm64": "0.8.7", "@yuku-parser/binding-darwin-x64": "0.8.7", "@yuku-parser/binding-freebsd-x64": "0.8.7", "@yuku-parser/binding-linux-arm-gnu": "0.8.7", "@yuku-parser/binding-linux-arm-musl": "0.8.7", "@yuku-parser/binding-linux-arm64-gnu": "0.8.7", "@yuku-parser/binding-linux-arm64-musl": "0.8.7", "@yuku-parser/binding-linux-x64-gnu": "0.8.7", "@yuku-parser/binding-linux-x64-musl": "0.8.7", "@yuku-parser/binding-win32-arm64": "0.8.7", "@yuku-parser/binding-win32-x64": "0.8.7" } }, "sha512-vRD9nwt4L3aYpxNqeSC4WqLv58xrXef0Ong1Mc45CTXTIpvLafx7JO05sczmQZwdLEZvywrLOGdNC5+Rp5N1BQ=="],

    "@arethetypeswrong/core/typescript": ["typescript@5.6.1-rc", "", { "bin": { "tsc": "bin/tsc", "tsserver": "bin/tsserver" } }, "sha512-E3b2+1zEFu84jB0YQi9BORDjz9+jGbwwy1Zi3G0LUNw7a7cePUrHMRNy8aPh53nXpkFGVHSxIZo5vKTfYaFiBQ=="],
  }
}
